
Microsoft Visual Studio Solution File, Format Version 12.00
# Visual Studio Version 16
VisualStudioVersion = 16.0.31321.278
MinimumVisualStudioVersion = 10.0.40219.1
Project("{00D1A9C2-B5F0-4AF3-8072-F6C62B433612}") = "Dw_Sucos", "Dw_Sucos\Dw_Sucos.sqlproj", "{D93F20A1-0C73-44E6-8FAE-A4508F9FB6EC}"
EndProject
Global
	GlobalSection(SolutionConfigurationPlatforms) = preSolution
		Debug|Any CPU = Debug|Any CPU
		Release|Any CPU = Release|Any CPU
	EndGlobalSection
	GlobalSection(ProjectConfigurationPlatforms) = postSolution
		{D93F20A1-0C73-44E6-8FAE-A4508F9FB6EC}.Debug|Any CPU.ActiveCfg = Debug|Any CPU
		{D93F20A1-0C73-44E6-8FAE-A4508F9FB6EC}.Debug|Any CPU.Build.0 = Debug|Any CPU
		{D93F20A1-0C73-44E6-8FAE-A4508F9FB6EC}.Debug|Any CPU.Deploy.0 = Debug|Any CPU
		{D93F20A1-0C73-44E6-8FAE-A4508F9FB6EC}.Release|Any CPU.ActiveCfg = Release|Any CPU
		{D93F20A1-0C73-44E6-8FAE-A4508F9FB6EC}.Release|Any CPU.Build.0 = Release|Any CPU
		{D93F20A1-0C73-44E6-8FAE-A4508F9FB6EC}.Release|Any CPU.Deploy.0 = Release|Any CPU
	EndGlobalSection
	GlobalSection(SolutionProperties) = preSolution
		HideSolutionNode = FALSE
	EndGlobalSection
	GlobalSection(ExtensibilityGlobals) = postSolution
		SolutionGuid = {1EC06348-91A9-4C89-B6DB-5A59903BBFCF}
	EndGlobalSection
EndGlobal
